
Microsoft Visual Studio Solution File, Format Version 12.00
# Visual Studio 15
VisualStudioVersion = 15.0.28307.572
MinimumVisualStudioVersion = 10.0.40219.1
Project("{FAE04EC0-301F-11D3-BF4B-00C04F79EFBC}") = "RealStand", "RealStand\RealStand.csproj", "{6A6A3116-DD78-4D09-8438-36D8A5C8DC83}"
EndProject
Global
	GlobalSection(SolutionConfigurationPlatforms) = preSolution
		Debug|Any CPU = Debug|Any CPU
		Release|Any CPU = Release|Any CPU
	EndGlobalSection
	GlobalSection(ProjectConfigurationPlatforms) = postSolution
		{6A6A3116-DD78-4D09-8438-36D8A5C8DC83}.Debug|Any CPU.ActiveCfg = Debug|Any CPU
		{6A6A3116-DD78-4D09-8438-36D8A5C8DC83}.Debug|Any CPU.Build.0 = Debug|Any CPU
		{6A6A3116-DD78-4D09-8438-36D8A5C8DC83}.Release|Any CPU.ActiveCfg = Release|Any CPU
		{6A6A3116-DD78-4D09-8438-36D8A5C8DC83}.Release|Any CPU.Build.0 = Release|Any CPU
	EndGlobalSection
	GlobalSection(SolutionProperties) = preSolution
		HideSolutionNode = FALSE
	EndGlobalSection
	GlobalSection(ExtensibilityGlobals) = postSolution
		SolutionGuid = {D0CFB3D4-8C0D-4FE2-87D5-84202F01FE92}
	EndGlobalSection
EndGlobal
